SITE
  remote: http://community.opscode.com/api/v1
  specs:
    apt (2.5.3)
    build-essential (2.0.6)
    htop (2.0.0)
      yum-repoforge (>= 0.0.0)
    java (1.27.0)
    mongodb (0.16.1)
      apt (>= 1.8.2)
      python (>= 0.0.0)
      runit (>= 1.5.0)
      yum (>= 3.0)
    mysqld (0.3.0)
    python (1.4.6)
      build-essential (>= 0.0.0)
      yum-epel (>= 0.0.0)
    runit (1.5.10)
      build-essential (>= 0.0.0)
      yum (~> 3.0)
      yum-epel (>= 0.0.0)
    yum (3.2.4)
    yum-epel (0.4.0)
      yum (~> 3.0)
    yum-repoforge (0.3.0)
      yum (~> 3.0)
      yum-epel (>= 0.0.0)

DEPENDENCIES
  htop (>= 0)
  java (~> 1.27.0)
  mongodb (>= 0)
  mysqld (~> 0.3.0)

